
Microsoft Visual Studio Solution File, Format Version 12.00
# Visual Studio Version 16
VisualStudioVersion = 16.0.30804.86
MinimumVisualStudioVersion = 10.0.40219.1
Project("{FAE04EC0-301F-11D3-BF4B-00C04F79EFBC}") = "EvoCodeGen.Extension", "EvoCodeGen\EvoCodeGen.Extension.csproj", "{27713E91-B65E-4254-93D5-39B029F9547B}"
EndProject
Project("{FAE04EC0-301F-11D3-BF4B-00C04F79EFBC}") = "EvoCodeGen.Core", "EvoCodeGen.Core\EvoCodeGen.Core.csproj", "{D8905DA6-E50D-4A5B-9D50-73607ECC71EE}"
EndProject
Global
	GlobalSection(SolutionConfigurationPlatforms) = preSolution
		Debug|Any CPU = Debug|Any CPU
		Release|Any CPU = Release|Any CPU
	EndGlobalSection
	GlobalSection(ProjectConfigurationPlatforms) = postSolution
		{27713E91-B65E-4254-93D5-39B029F9547B}.Debug|Any CPU.ActiveCfg = Debug|Any CPU
		{27713E91-B65E-4254-93D5-39B029F9547B}.Debug|Any CPU.Build.0 = Debug|Any CPU
		{27713E91-B65E-4254-93D5-39B029F9547B}.Release|Any CPU.ActiveCfg = Release|Any CPU
		{27713E91-B65E-4254-93D5-39B029F9547B}.Release|Any CPU.Build.0 = Release|Any CPU
		{D8905DA6-E50D-4A5B-9D50-73607ECC71EE}.Debug|Any CPU.ActiveCfg = Debug|Any CPU
		{D8905DA6-E50D-4A5B-9D50-73607ECC71EE}.Debug|Any CPU.Build.0 = Debug|Any CPU
		{D8905DA6-E50D-4A5B-9D50-73607ECC71EE}.Release|Any CPU.ActiveCfg = Release|Any CPU
		{D8905DA6-E50D-4A5B-9D50-73607ECC71EE}.Release|Any CPU.Build.0 = Release|Any CPU
	EndGlobalSection
	GlobalSection(SolutionProperties) = preSolution
		HideSolutionNode = FALSE
	EndGlobalSection
	GlobalSection(ExtensibilityGlobals) = postSolution
		SolutionGuid = {6CFB47C5-A296-41D9-B11A-DC926F32DBF9}
	EndGlobalSection
EndGlobal
